# This file was autogenerated by Stack.
# You should not edit this file by hand.
# For more information, please see the documentation at:
#   https://docs.haskellstack.org/en/stable/lock_files

snapshots:
- original: lts-17.4
  completed:
    sha256: f11e2153044f5f71ea7b1c9398f4721f517c9bd37642ed769647b896564021f3
    url: https://raw.githubusercontent.com/commercialhaskell/stackage-snapshots/master/lts/17/4.yaml
    size: 563103
packages:
- original:
    hackage: streaming-utils-0.2.0.0
  completed:
    pantry-tree:
      sha256: 3de45389ab5890f991a2c90837a601c76225df2242f8067148b8924965f23ed5
      size: 571
    hackage: streaming-utils-0.2.0.0@sha256:f02293b9f45f0eef6b78b6873ad7b94ff8c243a6b2a28f8465a6de59f03ad371,4213
- original:
    hackage: json-stream-0.4.2.4
  completed:
    pantry-tree:
      sha256: c8390902f25e97ed1f016bb01fde3d5e145c497b4f5f9ea0c26a8d1c58023a62
      size: 2055
    hackage: json-stream-0.4.2.4@sha256:c605847382f1f2458a09d379998ff44805a4a4fa6346ba4786fd239b23282244,4759
- original:
    hackage: HDBC-postgresql-2.3.2.7
  completed:
    pantry-tree:
      sha256: 07bfba988402849f447025b324f2993ea88ac0ec4f7dd4b86942644e2e239d45
      size: 1740
    hackage: HDBC-postgresql-2.3.2.7@sha256:93d8e3c3d2dc9291a10f28ae3f8d0604a55ef47298ed43003a4d16f3d9905bae,3228
- original:
    hackage: hasql-th-0.4.0.8
  completed:
    pantry-tree:
      sha256: d3975fb5fdfc16c22ae5296a1d720ffa4cfc3661117d7eba0ad1232e4be527d6
      size: 864
    hackage: hasql-th-0.4.0.8@sha256:e77af01c354fcebb0fc8358a4bb2f7b361329bce28f783d8d6b17fbd5fa43279,2245
- original:
    hackage: headed-megaparsec-0.2
  completed:
    pantry-tree:
      sha256: 4277a2ab79fd6da7cc4fb01c55426322dffe4a53cdf80ef66d033034dc43d109
      size: 383
    hackage: headed-megaparsec-0.2@sha256:53e0fca4b30bc568f0dfae5b97abe7967939c8a9ee00f30bc99936d75181dd72,1566
- original:
    hackage: selective-0.4.1
  completed:
    pantry-tree:
      sha256: bd30b024ea52d478b8f002f69fee1a344f9450dd457773fa5c41c93f6e742c34
      size: 1160
    hackage: selective-0.4.1@sha256:7277b46df2352e0c416d12ad625db7990dd9bb0e1e0c909a442e2b29e67bef88,3573
- original:
    hackage: template-haskell-compat-v0208-0.1.5
  completed:
    pantry-tree:
      sha256: 4adaf4d67d7d62ce476d7f71d32094f2502f966ffbcb5f791af32d126824ed33
      size: 341
    hackage: template-haskell-compat-v0208-0.1.5@sha256:4aca2133f8a4eb83a64a5a6d5771e9147efba3321d29b462b51458c660a94746,1522
- original:
    hackage: hasql-transaction-1.0.0.1
  completed:
    pantry-tree:
      sha256: 32978cf0707b3a0c7c7637422ea63d67ca183c27724dea0c66040b744da0cabb
      size: 1028
    hackage: hasql-transaction-1.0.0.1@sha256:797a6c336d261e0b30f10d244e13ed5b453cf9cffd4c10c774f75025b7dfdb58,2831
- original:
    hackage: opaleye-0.7.0.0
  completed:
    pantry-tree:
      sha256: d89e48975788665a25b0592e81e4fd80ce7ac060e92b8b4c124400338347e99e
      size: 5835
    hackage: opaleye-0.7.0.0@sha256:b0589c03f17d1ee4f1432d658a0367433210b90030cccd1c919c4a8f6fb38226,5916
- original:
    hackage: product-profunctors-0.11.0.0
  completed:
    pantry-tree:
      sha256: 10ea4897d890d4e5f2ed86e13cbe7ed79280670bf76d6e02b505ef831ece93e4
      size: 1537
    hackage: product-profunctors-0.11.0.0@sha256:82817d9b9710257729fde04fb41129d103df25b7e9ec041780ee6e5585bec942,2432
- original:
    hackage: streaming-bytestring-0.1.7
  completed:
    pantry-tree:
      sha256: dd905b22e9b56d03aa8f994f1509ab2cde99d649712089dfd957daddeb6e1220
      size: 888
    hackage: streaming-bytestring-0.1.7@sha256:5b53960c1c5f8352d46a4f1a604d04340a08dcf7ff27ca3ed31253e02c01fd03,2968
- original:
    hackage: random-1.2.0
  completed:
    pantry-tree:
      sha256: 77505a2919b4d1d84abc36c995046f661741251e58a592ed826b7c1aee1c044c
      size: 1259
    hackage: random-1.2.0@sha256:195506fedaa7c31c1fa2a747e9b49b4a5d1f0b09dd8f1291f23a771656faeec3,6097
- original:
    hackage: splitmix-0.1.0.3
  completed:
    pantry-tree:
      sha256: 8290f921f41c3628a6c9871502e57fd1d25f5954967afbf4ed16717fd8d3656f
      size: 1400
    hackage: splitmix-0.1.0.3@sha256:fc3aae74c467f4b608050bef53aec17904a618731df9407e655d8f3bf8c32d5c,6049
- original:
    hackage: blaze-colonnade-1.2.2.1
  completed:
    pantry-tree:
      sha256: e1a52f56ec0cab647ec7af0d75bfbb45f09cccea4a8127996cb7b132bd73bd2c
      size: 279
    hackage: blaze-colonnade-1.2.2.1@sha256:b27601f0366b006e86ee33297a722fe33c94ac058e61d4eace387d132e656a21,1394
- original:
    hackage: colonnade-1.2.0.2
  completed:
    pantry-tree:
      sha256: 2010fda4c4af2dd9da64786d9e902f387b6a9cb034eb6573d678e752deecc319
      size: 327
    hackage: colonnade-1.2.0.2@sha256:e0b43a1fe4f87072f3f7cd9eaccdb790f7df8ceff5f73c3a4e242aba9337485f,2099
- original:
    hackage: Chart-diagrams-1.9.3
  completed:
    pantry-tree:
      sha256: a22d6af342382f81988881de23dfab36cc6491ba46edb8697066f5dbde237635
      size: 934
    hackage: Chart-diagrams-1.9.3@sha256:63668daff044a79827b7edb265265a4a8237424abb8f808ad1fcbdb3d47e753d,1801
- original:
    hackage: SVGFonts-1.7.0.1
  completed:
    pantry-tree:
      sha256: 69e91027b97050991ce3a1f360a9a63ce90be8c3661a5c3db184536485e645cf
      size: 1836
    hackage: SVGFonts-1.7.0.1@sha256:1aac5ffd1a7c09317f92e9d31380d61eb96ce412b0dbd4e2d22c609c3d0be360,4039
- original:
    hackage: diagrams-core-1.4.2
  completed:
    pantry-tree:
      sha256: 00c9bd036e8552d494c912774f05fb9b5752022b4827d3e815ad016a3cb6e16b
      size: 2018
    hackage: diagrams-core-1.4.2@sha256:47de45658e8a805b7cb7f535e7b093daf7e861604fa3c70e25bd4ef481bf1571,2997
- original:
    hackage: diagrams-lib-1.4.3
  completed:
    pantry-tree:
      sha256: bf481bb5bbbd135a778be4cc69cc2f857944dc5d3b856894effaddc9279adf58
      size: 11604
    hackage: diagrams-lib-1.4.3@sha256:04f77778d4b550d3c8e54440800685f88467bef91075e82e009a8a6f45c51033,8232
- original:
    hackage: diagrams-postscript-1.5
  completed:
    pantry-tree:
      sha256: 18c9abaa057965a85174a6f884e850af37711ba55c708bbd6127384e0180e46b
      size: 480
    hackage: diagrams-postscript-1.5@sha256:ea9ef970f653072cfde9715fad92481eedcc72a94da543c52a68ca33100902ab,2369
- original:
    hackage: diagrams-svg-1.4.3
  completed:
    pantry-tree:
      sha256: 53c2221ee415d9bfc2f0dd886b67b1edbfdb91f68e809b43cf0bb830fc870ad7
      size: 475
    hackage: diagrams-svg-1.4.3@sha256:407ff78cb7bd1f44c68b0059036186f17a281a053901e29d0139ab151e703247,3159
- original:
    hackage: svg-builder-0.1.1
  completed:
    pantry-tree:
      sha256: 4082f112e4f3d6363df6d12906b24bdcc9ebd7ac2c683841fac1254324373f8f
      size: 535
    hackage: svg-builder-0.1.1@sha256:825ebc18c4e457efa1bc6ca5f90f5abc80566992e8ffdab6ccb782407a46db32,1569
- original:
    hackage: active-0.2.0.14
  completed:
    pantry-tree:
      sha256: 9326ee3500f7bb1adea18f581dc51ebdb522677d8cddc847a506ba5d328ee723
      size: 1017
    hackage: active-0.2.0.14@sha256:e618aba4a7881eb85dc1585e0a01230af6b4fbab6693931e4a5d0d3a5b184406,1823
- original:
    hackage: dual-tree-0.2.2.1
  completed:
    pantry-tree:
      sha256: 70ea91862ac301648d63e9c69d0ff8154b1d3c9c632d224d4002c027861ec33e
      size: 387
    hackage: dual-tree-0.2.2.1@sha256:9ff31e461d873ae74ba51d93b454c0c4094726d7cb78a0c454394c965e83539d,2830
- original:
    hackage: monoid-extras-0.5.1
  completed:
    pantry-tree:
      sha256: 52bc06f799bd7f19f0a16f89e6cdcfba4db93339fa9a6e4bcfdb4b49245dffdb
      size: 1187
    hackage: monoid-extras-0.5.1@sha256:438dbfd7b4dce47d8f0ca577f56caf94bd1e21391afa545cad09fe7cf2e5793d,2333
- original:
    hackage: statestack-0.3
  completed:
    pantry-tree:
      sha256: 5b0ba98ac695eccbba33aae8eccf2b6dd8aa3d16d38db65e9e4c231aaa5e4082
      size: 272
    hackage: statestack-0.3@sha256:437941f253bc7a6d8321e67938667bae53d7765b256a45976accadd85f6e1703,1146
- original:
    hackage: fast-builder-0.1.2.1
  completed:
    pantry-tree:
      sha256: 6b1f7822bdc4b8905fd871929f5ecc5a337588f83d858079abce3b6393c6d1e4
      size: 986
    hackage: fast-builder-0.1.2.1@sha256:6e3148d9ac21e5ec900fa59d1d65322e6b4c0491f19b53bdbe093186a519eb9f,2791
- original:
    hackage: postgresql-syntax-0.3.0.3
  completed:
    pantry-tree:
      sha256: 59f0edcb31c8b30432c1fef4107805cc9e20e7cc2e3d5e2f819789c556c6a386
      size: 1141
    hackage: postgresql-syntax-0.3.0.3@sha256:b93a73c388811e331327561d85ed268f232be6c7f8f90ff27b2091c64c6aea90,4170
